// !$*UTF8*$!
{
	archiveVersion = 1;
	classes = {
	};
	objectVersion = 56;
	objects = {

/* Begin PBXBuildFile section */
		DB40DB582BF197EA004C8BEB /* AppDelegate.swift in Sources */ = {isa = PBXBuildFile; fileRef = DB40DB572BF197EA004C8BEB /* AppDelegate.swift */; };
		DB40DB5C2BF197EA004C8BEB /* LoginViewController.swift in Sources */ = {isa = PBXBuildFile; fileRef = DB40DB5B2BF197EA004C8BEB /* LoginViewController.swift */; };
		DB40DB612BF197EB004C8BEB /* Assets.xcassets in Resources */ = {isa = PBXBuildFile; fileRef = DB40DB602BF197EB004C8BEB /* Assets.xcassets */; };
		DB40DB642BF197EB004C8BEB /* Base in Resources */ = {isa = PBXBuildFile; fileRef = DB40DB632BF197EB004C8BEB /* Base */; };
		DB8A0AE12BF6D1A7007DCD99 /* DummyViewController.swift in Sources */ = {isa = PBXBuildFile; fileRef = DB8A0AE02BF6D1A7007DCD99 /* DummyViewController.swift */; };
		DBC9DF792BF6FEFC003F0ED1 /* LocalState.swift in Sources */ = {isa = PBXBuildFile; fileRef = DBC9DF782BF6FEFC003F0ED1 /* LocalState.swift */; };
		DBC9DF7B2BF711B9003F0ED1 /* UIViewController+Utils.swift in Sources */ = {isa = PBXBuildFile; fileRef = DBC9DF7A2BF711B9003F0ED1 /* UIViewController+Utils.swift */; };
		DBC9DF7D2BF71276003F0ED1 /* MainViewController.swift in Sources */ = {isa = PBXBuildFile; fileRef = DBC9DF7C2BF71276003F0ED1 /* MainViewController.swift */; };
		DBCE9F112BF1C06B00F251D3 /* LoginView.swift in Sources */ = {isa = PBXBuildFile; fileRef = DBCE9F102BF1C06B00F251D3 /* LoginView.swift */; };
		DBCE9F142BF414B600F251D3 /* OnboardingContainerViewController.swift in Sources */ = {isa = PBXBuildFile; fileRef = DBCE9F132BF414B600F251D3 /* OnboardingContainerViewController.swift */; };
		DBCE9F162BF4159400F251D3 /* OnboardingViewController.swift in Sources */ = {isa = PBXBuildFile; fileRef = DBCE9F152BF4159400F251D3 /* OnboardingViewController.swift */; };
/* End PBXBuildFile section */

/* Begin PBXFileReference section */
		DB40DB542BF197EA004C8BEB /* Bankey.app */ = {isa = PBXFileReference; explicitFileType = wrapper.application; includeInIndex = 0; path = Bankey.app; sourceTree = BUILT_PRODUCTS_DIR; };
		DB40DB572BF197EA004C8BEB /* AppDelegate.swift */ = {isa = PBXFileReference; lastKnownFileType = sourcecode.swift; path = AppDelegate.swift; sourceTree = "<group>"; };
		DB40DB5B2BF197EA004C8BEB /* LoginViewController.swift */ = {isa = PBXFileReference; lastKnownFileType = sourcecode.swift; path = LoginViewController.swift; sourceTree = "<group>"; };
		DB40DB602BF197EB004C8BEB /* Assets.xcassets */ = {isa = PBXFileReference; lastKnownFileType = folder.assetcatalog; path = Assets.xcassets; sourceTree = "<group>"; };
		DB40DB632BF197EB004C8BEB /* Base */ = {isa = PBXFileReference; lastKnownFileType = file.storyboard; name = Base; path = Base.lproj/LaunchScreen.storyboard; sourceTree = "<group>"; };
		DB40DB652BF197EB004C8BEB /* Info.plist */ = {isa = PBXFileReference; lastKnownFileType = text.plist.xml; path = Info.plist; sourceTree = "<group>"; };
		DB8A0AE02BF6D1A7007DCD99 /* DummyViewController.swift */ = {isa = PBXFileReference; lastKnownFileType = sourcecode.swift; path = DummyViewController.swift; sourceTree = "<group>"; };
		DBC9DF782BF6FEFC003F0ED1 /* LocalState.swift */ = {isa = PBXFileReference; lastKnownFileType = sourcecode.swift; path = LocalState.swift; sourceTree = "<group>"; };
		DBC9DF7A2BF711B9003F0ED1 /* UIViewController+Utils.swift */ = {isa = PBXFileReference; lastKnownFileType = sourcecode.swift; path = "UIViewController+Utils.swift"; sourceTree = "<group>"; };
		DBC9DF7C2BF71276003F0ED1 /* MainViewController.swift */ = {isa = PBXFileReference; lastKnownFileType = sourcecode.swift; path = MainViewController.swift; sourceTree = "<group>"; };
		DBCE9F102BF1C06B00F251D3 /* LoginView.swift */ = {isa = PBXFileReference; lastKnownFileType = sourcecode.swift; path = LoginView.swift; sourceTree = "<group>"; };
		DBCE9F132BF414B600F251D3 /* OnboardingContainerViewController.swift */ = {isa = PBXFileReference; lastKnownFileType = sourcecode.swift; path = OnboardingContainerViewController.swift; sourceTree = "<group>"; };
		DBCE9F152BF4159400F251D3 /* OnboardingViewController.swift */ = {isa = PBXFileReference; lastKnownFileType = sourcecode.swift; path = OnboardingViewController.swift; sourceTree = "<group>"; };
/* End PBXFileReference section */

/* Begin PBXFrameworksBuildPhase section */
		DB40DB512BF197EA004C8BEB /* Frameworks */ = {
			isa = PBXFrameworksBuildPhase;
			buildActionMask = 2147483647;
			files = (
			);
			runOnlyForDeploymentPostprocessing = 0;
		};
/* End PBXFrameworksBuildPhase section */

/* Begin PBXGroup section */
		DB40DB4B2BF197EA004C8BEB = {
			isa = PBXGroup;
			children = (
				DB40DB562BF197EA004C8BEB /* Bankey */,
				DB40DB552BF197EA004C8BEB /* Products */,
			);
			sourceTree = "<group>";
		};
		DB40DB552BF197EA004C8BEB /* Products */ = {
			isa = PBXGroup;
			children = (
				DB40DB542BF197EA004C8BEB /* Bankey.app */,
			);
			name = Products;
			sourceTree = "<group>";
		};
		DB40DB562BF197EA004C8BEB /* Bankey */ = {
			isa = PBXGroup;
			children = (
				DB40DB572BF197EA004C8BEB /* AppDelegate.swift */,
				DBCE9F0F2BF1C04400F251D3 /* Login */,
				DBCE9F122BF4149C00F251D3 /* Onboarding */,
				DB8A0AE22BF6FCBD007DCD99 /* Utils */,
				DBCE9F0E2BF1BFFB00F251D3 /* Files */,
				DBC9DF7C2BF71276003F0ED1 /* MainViewController.swift */,
			);
			path = Bankey;
			sourceTree = "<group>";
		};
		DB8A0AE22BF6FCBD007DCD99 /* Utils */ = {
			isa = PBXGroup;
			children = (
				DBC9DF782BF6FEFC003F0ED1 /* LocalState.swift */,
				DBC9DF7A2BF711B9003F0ED1 /* UIViewController+Utils.swift */,
			);
			path = Utils;
			sourceTree = "<group>";
		};
		DBCE9F0E2BF1BFFB00F251D3 /* Files */ = {
			isa = PBXGroup;
			children = (
				DB40DB602BF197EB004C8BEB /* Assets.xcassets */,
				DB40DB622BF197EB004C8BEB /* LaunchScreen.storyboard */,
				DB40DB652BF197EB004C8BEB /* Info.plist */,
			);
			name = Files;
			sourceTree = "<group>";
		};
		DBCE9F0F2BF1C04400F251D3 /* Login */ = {
			isa = PBXGroup;
			children = (
				DB40DB5B2BF197EA004C8BEB /* LoginViewController.swift */,
				DBCE9F102BF1C06B00F251D3 /* LoginView.swift */,
				DB8A0AE02BF6D1A7007DCD99 /* DummyViewController.swift */,
			);
			path = Login;
			sourceTree = "<group>";
		};
		DBCE9F122BF4149C00F251D3 /* Onboarding */ = {
			isa = PBXGroup;
			children = (
				DBCE9F132BF414B600F251D3 /* OnboardingContainerViewController.swift */,
				DBCE9F152BF4159400F251D3 /* OnboardingViewController.swift */,
			);
			path = Onboarding;
			sourceTree = "<group>";
		};
/* End PBXGroup section */

/* Begin PBXNativeTarget section */
		DB40DB532BF197EA004C8BEB /* Bankey */ = {
			isa = PBXNativeTarget;
			buildConfigurationList = DB40DB682BF197EB004C8BEB /* Build configuration list for PBXNativeTarget "Bankey" */;
			buildPhases = (
				DB40DB502BF197EA004C8BEB /* Sources */,
				DB40DB512BF197EA004C8BEB /* Frameworks */,
				DB40DB522BF197EA004C8BEB /* Resources */,
			);
			buildRules = (
			);
			dependencies = (
			);
			name = Bankey;
			productName = Bankey;
			productReference = DB40DB542BF197EA004C8BEB /* Bankey.app */;
			productType = "com.apple.product-type.application";
		};
/* End PBXNativeTarget section */

/* Begin PBXProject section */
		DB40DB4C2BF197EA004C8BEB /* Project object */ = {
			isa = PBXProject;
			attributes = {
				BuildIndependentTargetsInParallel = 1;
				LastSwiftUpdateCheck = 1530;
				LastUpgradeCheck = 1530;
				TargetAttributes = {
					DB40DB532BF197EA004C8BEB = {
						CreatedOnToolsVersion = 15.3;
					};
				};
			};
			buildConfigurationList = DB40DB4F2BF197EA004C8BEB /* Build configuration list for PBXProject "Bankey" */;
			compatibilityVersion = "Xcode 14.0";
			developmentRegion = en;
			hasScannedForEncodings = 0;
			knownRegions = (
				en,
				Base,
			);
			mainGroup = DB40DB4B2BF197EA004C8BEB;
			productRefGroup = DB40DB552BF197EA004C8BEB /* Products */;
			projectDirPath = "";
			projectRoot = "";
			targets = (
				DB40DB532BF197EA004C8BEB /* Bankey */,
			);
		};
/* End PBXProject section */

/* Begin PBXResourcesBuildPhase section */
		DB40DB522BF197EA004C8BEB /* Resources */ = {
			isa = PBXResourcesBuildPhase;
			buildActionMask = 2147483647;
			files = (
				DB40DB612BF197EB004C8BEB /* Assets.xcassets in Resources */,
				DB40DB642BF197EB004C8BEB /* Base in Resources */,
			);
			runOnlyForDeploymentPostprocessing = 0;
		};
/* End PBXResourcesBuildPhase section */

/* Begin PBXSourcesBuildPhase section */
		DB40DB502BF197EA004C8BEB /* Sources */ = {
			isa = PBXSourcesBuildPhase;
			buildActionMask = 2147483647;
			files = (
				DBC9DF7B2BF711B9003F0ED1 /* UIViewController+Utils.swift in Sources */,
				DBCE9F112BF1C06B00F251D3 /* LoginView.swift in Sources */,
				DBC9DF792BF6FEFC003F0ED1 /* LocalState.swift in Sources */,
				DB8A0AE12BF6D1A7007DCD99 /* DummyViewController.swift in Sources */,
				DB40DB5C2BF197EA004C8BEB /* LoginViewController.swift in Sources */,
				DBCE9F162BF4159400F251D3 /* OnboardingViewController.swift in Sources */,
				DBC9DF7D2BF71276003F0ED1 /* MainViewController.swift in Sources */,
				DB40DB582BF197EA004C8BEB /* AppDelegate.swift in Sources */,
				DBCE9F142BF414B600F251D3 /* OnboardingContainerViewController.swift in Sources */,
			);
			runOnlyForDeploymentPostprocessing = 0;
		};
/* End PBXSourcesBuildPhase section */

/* Begin PBXVariantGroup section */
		DB40DB622BF197EB004C8BEB /* LaunchScreen.storyboard */ = {
			isa = PBXVariantGroup;
			children = (
				DB40DB632BF197EB004C8BEB /* Base */,
			);
			name = LaunchScreen.storyboard;
			sourceTree = "<group>";
		};
/* End PBXVariantGroup section */

/* Begin XCBuildConfiguration section */
		DB40DB662BF197EB004C8BEB /* Debug */ = {
			isa = XCBuildConfiguration;
			buildSettings = {
				ALWAYS_SEARCH_USER_PATHS = NO;
				ASSETCATALOG_COMPILER_GENERATE_SWIFT_ASSET_SYMBOL_EXTENSIONS = YES;
				CLANG_ANALYZER_NONNULL = YES;
				CLANG_ANALYZER_NUMBER_OBJECT_CONVERSION = YES_AGGRESSIVE;
				CLANG_CXX_LANGUAGE_STANDARD = "gnu++20";
				CLANG_ENABLE_MODULES = YES;
				CLANG_ENABLE_OBJC_ARC = YES;
				CLANG_ENABLE_OBJC_WEAK = YES;
				CLANG_WARN_BLOCK_CAPTURE_AUTORELEASING = YES;
				CLANG_WARN_BOOL_CONVERSION = YES;
				CLANG_WARN_COMMA = YES;
				CLANG_WARN_CONSTANT_CONVERSION = YES;
				CLANG_WARN_DEPRECATED_OBJC_IMPLEMENTATIONS = YES;
				CLANG_WARN_DIRECT_OBJC_ISA_USAGE = YES_ERROR;
				CLANG_WARN_DOCUMENTATION_COMMENTS = YES;
				CLANG_WARN_EMPTY_BODY = YES;
				CLANG_WARN_ENUM_CONVERSION = YES;
				CLANG_WARN_INFINITE_RECURSION = YES;
				CLANG_WARN_INT_CONVERSION = YES;
				CLANG_WARN_NON_LITERAL_NULL_CONVERSION = YES;
				CLANG_WARN_OBJC_IMPLICIT_RETAIN_SELF = YES;
				CLANG_WARN_OBJC_LITERAL_CONVERSION = YES;
				CLANG_WARN_OBJC_ROOT_CLASS = YES_ERROR;
				CLANG_WARN_QUOTED_INCLUDE_IN_FRAMEWORK_HEADER = YES;
				CLANG_WARN_RANGE_LOOP_ANALYSIS = YES;
				CLANG_WARN_STRICT_PROTOTYPES = YES;
				CLANG_WARN_SUSPICIOUS_MOVE = YES;
				CLANG_WARN_UNGUARDED_AVAILABILITY = YES_AGGRESSIVE;
				CLANG_WARN_UNREACHABLE_CODE = YES;
				CLANG_WARN__DUPLICATE_METHOD_MATCH = YES;
				COPY_PHASE_STRIP = NO;
				DEBUG_INFORMATION_FORMAT = dwarf;
				ENABLE_STRICT_OBJC_MSGSEND = YES;
				ENABLE_TESTABILITY = YES;
				ENABLE_USER_SCRIPT_SANDBOXING = YES;
				GCC_C_LANGUAGE_STANDARD = gnu17;
				GCC_DYNAMIC_NO_PIC = NO;
				GCC_NO_COMMON_BLOCKS = YES;
				GCC_OPTIMIZATION_LEVEL = 0;
				GCC_PREPROCESSOR_DEFINITIONS = (
					"DEBUG=1",
					"$(inherited)",
				);
				GCC_WARN_64_TO_32_BIT_CONVERSION = YES;
				GCC_WARN_ABOUT_RETURN_TYPE = YES_ERROR;
				GCC_WARN_UNDECLARED_SELECTOR = YES;
				GCC_WARN_UNINITIALIZED_AUTOS = YES_AGGRESSIVE;
				GCC_WARN_UNUSED_FUNCTION = YES;
				GCC_WARN_UNUSED_VARIABLE = YES;
				IPHONEOS_DEPLOYMENT_TARGET = 17.4;
				LOCALIZATION_PREFERS_STRING_CATALOGS = YES;
				MTL_ENABLE_DEBUG_INFO = INCLUDE_SOURCE;
				MTL_FAST_MATH = YES;
				ONLY_ACTIVE_ARCH = YES;
				SDKROOT = iphoneos;
				SWIFT_ACTIVE_COMPILATION_CONDITIONS = "DEBUG $(inherited)";
				SWIFT_OPTIMIZATION_LEVEL = "-Onone";
			};
			name = Debug;
		};
		DB40DB672BF197EB004C8BEB /* Release */ = {
			isa = XCBuildConfiguration;
			buildSettings = {
				ALWAYS_SEARCH_USER_PATHS = NO;
				ASSETCATALOG_COMPILER_GENERATE_SWIFT_ASSET_SYMBOL_EXTENSIONS = YES;
				CLANG_ANALYZER_NONNULL = YES;
				CLANG_ANALYZER_NUMBER_OBJECT_CONVERSION = YES_AGGRESSIVE;
				CLANG_CXX_LANGUAGE_STANDARD = "gnu++20";
				CLANG_ENABLE_MODULES = YES;
				CLANG_ENABLE_OBJC_ARC = YES;
				CLANG_ENABLE_OBJC_WEAK = YES;
				CLANG_WARN_BLOCK_CAPTURE_AUTORELEASING = YES;
				CLANG_WARN_BOOL_CONVERSION = YES;
				CLANG_WARN_COMMA = YES;
				CLANG_WARN_CONSTANT_CONVERSION = YES;
				CLANG_WARN_DEPRECATED_OBJC_IMPLEMENTATIONS = YES;
				CLANG_WARN_DIRECT_OBJC_ISA_USAGE = YES_ERROR;
				CLANG_WARN_DOCUMENTATION_COMMENTS = YES;
				CLANG_WARN_EMPTY_BODY = YES;
				CLANG_WARN_ENUM_CONVERSION = YES;
				CLANG_WARN_INFINITE_RECURSION = YES;
				CLANG_WARN_INT_CONVERSION = YES;
				CLANG_WARN_NON_LITERAL_NULL_CONVERSION = YES;
				CLANG_WARN_OBJC_IMPLICIT_RETAIN_SELF = YES;
				CLANG_WARN_OBJC_LITERAL_CONVERSION = YES;
				CLANG_WARN_OBJC_ROOT_CLASS = YES_ERROR;
				CLANG_WARN_QUOTED_INCLUDE_IN_FRAMEWORK_HEADER = YES;
				CLANG_WARN_RANGE_LOOP_ANALYSIS = YES;
				CLANG_WARN_STRICT_PROTOTYPES = YES;
				CLANG_WARN_SUSPICIOUS_MOVE = YES;
				CLANG_WARN_UNGUARDED_AVAILABILITY = YES_AGGRESSIVE;
				CLANG_WARN_UNREACHABLE_CODE = YES;
				CLANG_WARN__DUPLICATE_METHOD_MATCH = YES;
				COPY_PHASE_STRIP = NO;
				DEBUG_INFORMATION_FORMAT = "dwarf-with-dsym";
				ENABLE_NS_ASSERTIONS = NO;
				ENABLE_STRICT_OBJC_MSGSEND = YES;
				ENABLE_USER_SCRIPT_SANDBOXING = YES;
				GCC_C_LANGUAGE_STANDARD = gnu17;
				GCC_NO_COMMON_BLOCKS = YES;
				GCC_WARN_64_TO_32_BIT_CONVERSION = YES;
				GCC_WARN_ABOUT_RETURN_TYPE = YES_ERROR;
				GCC_WARN_UNDECLARED_SELECTOR = YES;
				GCC_WARN_UNINITIALIZED_AUTOS = YES_AGGRESSIVE;
				GCC_WARN_UNUSED_FUNCTION = YES;
				GCC_WARN_UNUSED_VARIABLE = YES;
				IPHONEOS_DEPLOYMENT_TARGET = 17.4;
				LOCALIZATION_PREFERS_STRING_CATALOGS = YES;
				MTL_ENABLE_DEBUG_INFO = NO;
				MTL_FAST_MATH = YES;
				SDKROOT = iphoneos;
				SWIFT_COMPILATION_MODE = wholemodule;
				VALIDATE_PRODUCT = YES;
			};
			name = Release;
		};
		DB40DB692BF197EB004C8BEB /* Debug */ = {
			isa = XCBuildConfiguration;
			buildSettings = {
				ASSETCATALOG_COMPILER_APPICON_NAME = AppIcon;
				ASSETCATALOG_COMPILER_GLOBAL_ACCENT_COLOR_NAME = AccentColor;
				CODE_SIGN_STYLE = Automatic;
				CURRENT_PROJECT_VERSION = 1;
				DEVELOPMENT_TEAM = 3HYGNMYDTS;
				GENERATE_INFOPLIST_FILE = YES;
				INFOPLIST_FILE = Bankey/Info.plist;
				INFOPLIST_KEY_UIApplicationSupportsIndirectInputEvents = YES;
				INFOPLIST_KEY_UILaunchStoryboardName = LaunchScreen;
				INFOPLIST_KEY_UISupportedInterfaceOrientations_iPad = "UIInterfaceOrientationPortrait UIInterfaceOrientationPortraitUpsideDown UIInterfaceOrientationLandscapeLeft UIInterfaceOrientationLandscapeRight";
				INFOPLIST_KEY_UISupportedInterfaceOrientations_iPhone = "UIInterfaceOrientationPortrait UIInterfaceOrientationLandscapeLeft UIInterfaceOrientationLandscapeRight";
				LD_RUNPATH_SEARCH_PATHS = (
					"$(inherited)",
					"@executable_path/Frameworks",
				);
				MARKETING_VERSION = 1.0;
				PRODUCT_BUNDLE_IDENTIFIER = br.com.caravela21.Bankey;
				PRODUCT_NAME = "$(TARGET_NAME)";
				SWIFT_EMIT_LOC_STRINGS = YES;
				SWIFT_VERSION = 5.0;
				TARGETED_DEVICE_FAMILY = "1,2";
			};
			name = Debug;
		};
		DB40DB6A2BF197EB004C8BEB /* Release */ = {
			isa = XCBuildConfiguration;
			buildSettings = {
				ASSETCATALOG_COMPILER_APPICON_NAME = AppIcon;
				ASSETCATALOG_COMPILER_GLOBAL_ACCENT_COLOR_NAME = AccentColor;
				CODE_SIGN_STYLE = Automatic;
				CURRENT_PROJECT_VERSION = 1;
				DEVELOPMENT_TEAM = 3HYGNMYDTS;
				GENERATE_INFOPLIST_FILE = YES;
				INFOPLIST_FILE = Bankey/Info.plist;
				INFOPLIST_KEY_UIApplicationSupportsIndirectInputEvents = YES;
				INFOPLIST_KEY_UILaunchStoryboardName = LaunchScreen;
				INFOPLIST_KEY_UISupportedInterfaceOrientations_iPad = "UIInterfaceOrientationPortrait UIInterfaceOrientationPortraitUpsideDown UIInterfaceOrientationLandscapeLeft UIInterfaceOrientationLandscapeRight";
				INFOPLIST_KEY_UISupportedInterfaceOrientations_iPhone = "UIInterfaceOrientationPortrait UIInterfaceOrientationLandscapeLeft UIInterfaceOrientationLandscapeRight";
				LD_RUNPATH_SEARCH_PATHS = (
					"$(inherited)",
					"@executable_path/Frameworks",
				);
				MARKETING_VERSION = 1.0;
				PRODUCT_BUNDLE_IDENTIFIER = br.com.caravela21.Bankey;
				PRODUCT_NAME = "$(TARGET_NAME)";
				SWIFT_EMIT_LOC_STRINGS = YES;
				SWIFT_VERSION = 5.0;
				TARGETED_DEVICE_FAMILY = "1,2";
			};
			name = Release;
		};
/* End XCBuildConfiguration section */

/* Begin XCConfigurationList section */
		DB40DB4F2BF197EA004C8BEB /* Build configuration list for PBXProject "Bankey" */ = {
			isa = XCConfigurationList;
			buildConfigurations = (
				DB40DB662BF197EB004C8BEB /* Debug */,
				DB40DB672BF197EB004C8BEB /* Release */,
			);
			defaultConfigurationIsVisible = 0;
			defaultConfigurationName = Release;
		};
		DB40DB682BF197EB004C8BEB /* Build configuration list for PBXNativeTarget "Bankey" */ = {
			isa = XCConfigurationList;
			buildConfigurations = (
				DB40DB692BF197EB004C8BEB /* Debug */,
				DB40DB6A2BF197EB004C8BEB /* Release */,
			);
			defaultConfigurationIsVisible = 0;
			defaultConfigurationName = Release;
		};
/* End XCConfigurationList section */
	};
	rootObject = DB40DB4C2BF197EA004C8BEB /* Project object */;
}
